
Microsoft Visual Studio Solution File, Format Version 12.00
# Visual Studio Version 17
VisualStudioVersion = 17.5.33424.131
MinimumVisualStudioVersion = 10.0.40219.1
Project("{FAE04EC0-301F-11D3-BF4B-00C04F79EFBC}") = "TatBlog.Core", "TatBlog.Core\TatBlog.Core.csproj", "{C7F98E3A-108B-4449-AA09-235AC9FEB6BA}"
EndProject
Project("{FAE04EC0-301F-11D3-BF4B-00C04F79EFBC}") = "TatBlog.Data", "TatBlog.Data\TatBlog.Data.csproj", "{89AE4227-6032-43FA-9001-0C6CBE76EFED}"
EndProject
Project("{FAE04EC0-301F-11D3-BF4B-00C04F79EFBC}") = "TatBlog.Services", "TatBlog.Services\TatBlog.Services.csproj", "{96845C8D-BC87-46B3-9472-13DFEDA4C74B}"
EndProject
Project("{FAE04EC0-301F-11D3-BF4B-00C04F79EFBC}") = "TatBlog.WinApp", "TatBlog.WinApp\TatBlog.WinApp.csproj", "{684C3C6E-7CB0-4D72-A8F5-94A37750466F}"
EndProject
Global
	GlobalSection(SolutionConfigurationPlatforms) = preSolution
		Debug|Any CPU = Debug|Any CPU
		Release|Any CPU = Release|Any CPU
	EndGlobalSection
	GlobalSection(ProjectConfigurationPlatforms) = postSolution
		{C7F98E3A-108B-4449-AA09-235AC9FEB6BA}.Debug|Any CPU.ActiveCfg = Debug|Any CPU
		{C7F98E3A-108B-4449-AA09-235AC9FEB6BA}.Debug|Any CPU.Build.0 = Debug|Any CPU
		{C7F98E3A-108B-4449-AA09-235AC9FEB6BA}.Release|Any CPU.ActiveCfg = Release|Any CPU
		{C7F98E3A-108B-4449-AA09-235AC9FEB6BA}.Release|Any CPU.Build.0 = Release|Any CPU
		{89AE4227-6032-43FA-9001-0C6CBE76EFED}.Debug|Any CPU.ActiveCfg = Debug|Any CPU
		{89AE4227-6032-43FA-9001-0C6CBE76EFED}.Debug|Any CPU.Build.0 = Debug|Any CPU
		{89AE4227-6032-43FA-9001-0C6CBE76EFED}.Release|Any CPU.ActiveCfg = Release|Any CPU
		{89AE4227-6032-43FA-9001-0C6CBE76EFED}.Release|Any CPU.Build.0 = Release|Any CPU
		{96845C8D-BC87-46B3-9472-13DFEDA4C74B}.Debug|Any CPU.ActiveCfg = Debug|Any CPU
		{96845C8D-BC87-46B3-9472-13DFEDA4C74B}.Debug|Any CPU.Build.0 = Debug|Any CPU
		{96845C8D-BC87-46B3-9472-13DFEDA4C74B}.Release|Any CPU.ActiveCfg = Release|Any CPU
		{96845C8D-BC87-46B3-9472-13DFEDA4C74B}.Release|Any CPU.Build.0 = Release|Any CPU
		{684C3C6E-7CB0-4D72-A8F5-94A37750466F}.Debug|Any CPU.ActiveCfg = Debug|Any CPU
		{684C3C6E-7CB0-4D72-A8F5-94A37750466F}.Debug|Any CPU.Build.0 = Debug|Any CPU
		{684C3C6E-7CB0-4D72-A8F5-94A37750466F}.Release|Any CPU.ActiveCfg = Release|Any CPU
		{684C3C6E-7CB0-4D72-A8F5-94A37750466F}.Release|Any CPU.Build.0 = Release|Any CPU
	EndGlobalSection
	GlobalSection(SolutionProperties) = preSolution
		HideSolutionNode = FALSE
	EndGlobalSection
	GlobalSection(ExtensibilityGlobals) = postSolution
		SolutionGuid = {2F1E6947-3FDA-4EED-8A6F-F1F8156466AE}
	EndGlobalSection
EndGlobal
