
Microsoft Visual Studio Solution File, Format Version 12.00
# Visual Studio Version 17
VisualStudioVersion = 17.5.33424.131
MinimumVisualStudioVersion = 10.0.40219.1
Project("{9A19103F-16F7-4668-BE54-9A1E7A4F7556}") = "TatBlog.Core", "TatBlog.Core\TatBlog.Core.csproj", "{C7F98E3A-108B-4449-AA09-235AC9FEB6BA}"
EndProject
Project("{9A19103F-16F7-4668-BE54-9A1E7A4F7556}") = "TatBlog.Data", "TatBlog.Data\TatBlog.Data.csproj", "{89AE4227-6032-43FA-9001-0C6CBE76EFED}"
EndProject
Project("{9A19103F-16F7-4668-BE54-9A1E7A4F7556}") = "TatBlog.Services", "TatBlog.Services\TatBlog.Services.csproj", "{96845C8D-BC87-46B3-9472-13DFEDA4C74B}"
EndProject
Project("{9A19103F-16F7-4668-BE54-9A1E7A4F7556}") = "TatBlog.WinApp", "TatBlog.WinApp\TatBlog.WinApp.csproj", "{684C3C6E-7CB0-4D72-A8F5-94A37750466F}"
EndProject
Project("{9A19103F-16F7-4668-BE54-9A1E7A4F7556}") = "TatBlog.WebApp", "TatBlog.WebApp\TatBlog.WebApp.csproj", "{5EF0EC8C-6D69-4DE6-A2A2-F4C29B83A539}"
EndProject
Project("{FAE04EC0-301F-11D3-BF4B-00C04F79EFBC}") = "TatBlog.WebApi", "TatBlog.WebApi\TatBlog.WebApi.csproj", "{B591693C-8045-4ADA-8945-FD06F4A56991}"
EndProject
Global
	GlobalSection(SolutionConfigurationPlatforms) = preSolution
		Debug|Any CPU = Debug|Any CPU
		Release|Any CPU = Release|Any CPU
	EndGlobalSection
	GlobalSection(ProjectConfigurationPlatforms) = postSolution
		{C7F98E3A-108B-4449-AA09-235AC9FEB6BA}.Debug|Any CPU.ActiveCfg = Debug|Any CPU
		{C7F98E3A-108B-4449-AA09-235AC9FEB6BA}.Debug|Any CPU.Build.0 = Debug|Any CPU
		{C7F98E3A-108B-4449-AA09-235AC9FEB6BA}.Release|Any CPU.ActiveCfg = Release|Any CPU
		{C7F98E3A-108B-4449-AA09-235AC9FEB6BA}.Release|Any CPU.Build.0 = Release|Any CPU
		{89AE4227-6032-43FA-9001-0C6CBE76EFED}.Debug|Any CPU.ActiveCfg = Debug|Any CPU
		{89AE4227-6032-43FA-9001-0C6CBE76EFED}.Debug|Any CPU.Build.0 = Debug|Any CPU
		{89AE4227-6032-43FA-9001-0C6CBE76EFED}.Release|Any CPU.ActiveCfg = Release|Any CPU
		{89AE4227-6032-43FA-9001-0C6CBE76EFED}.Release|Any CPU.Build.0 = Release|Any CPU
		{96845C8D-BC87-46B3-9472-13DFEDA4C74B}.Debug|Any CPU.ActiveCfg = Debug|Any CPU
		{96845C8D-BC87-46B3-9472-13DFEDA4C74B}.Debug|Any CPU.Build.0 = Debug|Any CPU
		{96845C8D-BC87-46B3-9472-13DFEDA4C74B}.Release|Any CPU.ActiveCfg = Release|Any CPU
		{96845C8D-BC87-46B3-9472-13DFEDA4C74B}.Release|Any CPU.Build.0 = Release|Any CPU
		{684C3C6E-7CB0-4D72-A8F5-94A37750466F}.Debug|Any CPU.ActiveCfg = Debug|Any CPU
		{684C3C6E-7CB0-4D72-A8F5-94A37750466F}.Debug|Any CPU.Build.0 = Debug|Any CPU
		{684C3C6E-7CB0-4D72-A8F5-94A37750466F}.Release|Any CPU.ActiveCfg = Release|Any CPU
		{684C3C6E-7CB0-4D72-A8F5-94A37750466F}.Release|Any CPU.Build.0 = Release|Any CPU
		{5EF0EC8C-6D69-4DE6-A2A2-F4C29B83A539}.Debug|Any CPU.ActiveCfg = Debug|Any CPU
		{5EF0EC8C-6D69-4DE6-A2A2-F4C29B83A539}.Debug|Any CPU.Build.0 = Debug|Any CPU
		{5EF0EC8C-6D69-4DE6-A2A2-F4C29B83A539}.Release|Any CPU.ActiveCfg = Release|Any CPU
		{5EF0EC8C-6D69-4DE6-A2A2-F4C29B83A539}.Release|Any CPU.Build.0 = Release|Any CPU
		{B591693C-8045-4ADA-8945-FD06F4A56991}.Debug|Any CPU.ActiveCfg = Debug|Any CPU
		{B591693C-8045-4ADA-8945-FD06F4A56991}.Debug|Any CPU.Build.0 = Debug|Any CPU
		{B591693C-8045-4ADA-8945-FD06F4A56991}.Release|Any CPU.ActiveCfg = Release|Any CPU
		{B591693C-8045-4ADA-8945-FD06F4A56991}.Release|Any CPU.Build.0 = Release|Any CPU
	EndGlobalSection
	GlobalSection(SolutionProperties) = preSolution
		HideSolutionNode = FALSE
	EndGlobalSection
	GlobalSection(ExtensibilityGlobals) = postSolution
		SolutionGuid = {2F1E6947-3FDA-4EED-8A6F-F1F8156466AE}
	EndGlobalSection
EndGlobal
